
Microsoft Visual Studio Solution File, Format Version 12.00
# Visual Studio Version 17
VisualStudioVersion = 17.1.32328.378
MinimumVisualStudioVersion = 10.0.40219.1
Project("{FAE04EC0-301F-11D3-BF4B-00C04F79EFBC}") = "CodeSpaceWeb", "CodeSpaceWeb\CodeSpaceWeb.csproj", "{0AA3DB20-2124-43E4-9202-1DC6638CAEFD}"
EndProject
Global
	GlobalSection(SolutionConfigurationPlatforms) = preSolution
		Debug|Any CPU = Debug|Any CPU
		Release|Any CPU = Release|Any CPU
	EndGlobalSection
	GlobalSection(ProjectConfigurationPlatforms) = postSolution
		{0AA3DB20-2124-43E4-9202-1DC6638CAEFD}.Debug|Any CPU.ActiveCfg = Debug|Any CPU
		{0AA3DB20-2124-43E4-9202-1DC6638CAEFD}.Debug|Any CPU.Build.0 = Debug|Any CPU
		{0AA3DB20-2124-43E4-9202-1DC6638CAEFD}.Release|Any CPU.ActiveCfg = Release|Any CPU
		{0AA3DB20-2124-43E4-9202-1DC6638CAEFD}.Release|Any CPU.Build.0 = Release|Any CPU
	EndGlobalSection
	GlobalSection(SolutionProperties) = preSolution
		HideSolutionNode = FALSE
	EndGlobalSection
	GlobalSection(ExtensibilityGlobals) = postSolution
		SolutionGuid = {8C2E7850-956A-43F5-B693-BB8ECCED8941}
	EndGlobalSection
EndGlobal
